
Microsoft Visual Studio Solution File, Format Version 12.00
# Visual Studio 14
VisualStudioVersion = 14.0.25420.1
MinimumVisualStudioVersion = 10.0.40219.1
Project("{8BC9CEB8-8B4A-11D0-8D11-00A0C91BC942}") = "raaComputerGraphicsAssignment1", "raaComputerGraphicsAssignment1\raaComputerGraphicsAssignment1.vcxproj", "{79685EC8-5BAE-4BC6-9469-BBB67C6D8563}"
	ProjectSection(ProjectDependencies) = postProject
		{89A79939-1B57-41C2-8039-F219A260A58C} = {89A79939-1B57-41C2-8039-F219A260A58C}
		{89BD3E5A-62EC-4292-8FFD-AC0018229888} = {89BD3E5A-62EC-4292-8FFD-AC0018229888}
		{4AD5EA70-CA91-4E74-9F45-E64B3E696585} = {4AD5EA70-CA91-4E74-9F45-E64B3E696585}
		{2545058D-AFFB-4011-9097-2315EFD2C1BF} = {2545058D-AFFB-4011-9097-2315EFD2C1BF}
		{36D66F8F-77AA-4A0F-B6B9-1D419B72C204} = {36D66F8F-77AA-4A0F-B6B9-1D419B72C204}
		{95C9F3D4-5523-40C7-9BE8-01B36F7F6DB3} = {95C9F3D4-5523-40C7-9BE8-01B36F7F6DB3}
		{7F9392ED-EED2-4FA2-832D-A103F7994C79} = {7F9392ED-EED2-4FA2-832D-A103F7994C79}
	EndProjectSection
EndProject
Project("{8BC9CEB8-8B4A-11D0-8D11-00A0C91BC942}") = "raaMaths", "raaMaths\raaMaths.vcxproj", "{7F9392ED-EED2-4FA2-832D-A103F7994C79}"
EndProject
Project("{8BC9CEB8-8B4A-11D0-8D11-00A0C91BC942}") = "raaCamera", "raaCamera\raaCamera.vcxproj", "{89A79939-1B57-41C2-8039-F219A260A58C}"
	ProjectSection(ProjectDependencies) = postProject
		{7F9392ED-EED2-4FA2-832D-A103F7994C79} = {7F9392ED-EED2-4FA2-832D-A103F7994C79}
	EndProjectSection
EndProject
Project("{8BC9CEB8-8B4A-11D0-8D11-00A0C91BC942}") = "raaUtilities", "raaUtilities\raaUtilities.vcxproj", "{36D66F8F-77AA-4A0F-B6B9-1D419B72C204}"
	ProjectSection(ProjectDependencies) = postProject
		{7F9392ED-EED2-4FA2-832D-A103F7994C79} = {7F9392ED-EED2-4FA2-832D-A103F7994C79}
	EndProjectSection
EndProject
Project("{8BC9CEB8-8B4A-11D0-8D11-00A0C91BC942}") = "raaLinkedList", "raaLinkedList\raaLinkedList.vcxproj", "{4AD5EA70-CA91-4E74-9F45-E64B3E696585}"
EndProject
Project("{8BC9CEB8-8B4A-11D0-8D11-00A0C91BC942}") = "raaSystem", "raaSystem\raaSystem.vcxproj", "{95C9F3D4-5523-40C7-9BE8-01B36F7F6DB3}"
EndProject
Project("{8BC9CEB8-8B4A-11D0-8D11-00A0C91BC942}") = "raaPajParser", "raaPajParser\raaPajParser.vcxproj", "{89BD3E5A-62EC-4292-8FFD-AC0018229888}"
EndProject
Project("{8BC9CEB8-8B4A-11D0-8D11-00A0C91BC942}") = "raaText", "raaText\raaText.vcxproj", "{2545058D-AFFB-4011-9097-2315EFD2C1BF}"
EndProject
Global
	GlobalSection(SolutionConfigurationPlatforms) = preSolution
		Debug|Win32 = Debug|Win32
		Debug|x64 = Debug|x64
		Release|Win32 = Release|Win32
		Release|x64 = Release|x64
	EndGlobalSection
	GlobalSection(ProjectConfigurationPlatforms) = postSolution
		{79685EC8-5BAE-4BC6-9469-BBB67C6D8563}.Debug|Win32.ActiveCfg = Debug|Win32
		{79685EC8-5BAE-4BC6-9469-BBB67C6D8563}.Debug|Win32.Build.0 = Debug|Win32
		{79685EC8-5BAE-4BC6-9469-BBB67C6D8563}.Debug|x64.ActiveCfg = Debug|x64
		{79685EC8-5BAE-4BC6-9469-BBB67C6D8563}.Debug|x64.Build.0 = Debug|x64
		{79685EC8-5BAE-4BC6-9469-BBB67C6D8563}.Release|Win32.ActiveCfg = Release|Win32
		{79685EC8-5BAE-4BC6-9469-BBB67C6D8563}.Release|Win32.Build.0 = Release|Win32
		{79685EC8-5BAE-4BC6-9469-BBB67C6D8563}.Release|x64.ActiveCfg = Release|x64
		{79685EC8-5BAE-4BC6-9469-BBB67C6D8563}.Release|x64.Build.0 = Release|x64
		{7F9392ED-EED2-4FA2-832D-A103F7994C79}.Debug|Win32.ActiveCfg = Debug|Win32
		{7F9392ED-EED2-4FA2-832D-A103F7994C79}.Debug|Win32.Build.0 = Debug|Win32
		{7F9392ED-EED2-4FA2-832D-A103F7994C79}.Debug|x64.ActiveCfg = Debug|x64
		{7F9392ED-EED2-4FA2-832D-A103F7994C79}.Debug|x64.Build.0 = Debug|x64
		{7F9392ED-EED2-4FA2-832D-A103F7994C79}.Release|Win32.ActiveCfg = Release|Win32
		{7F9392ED-EED2-4FA2-832D-A103F7994C79}.Release|Win32.Build.0 = Release|Win32
		{7F9392ED-EED2-4FA2-832D-A103F7994C79}.Release|x64.ActiveCfg = Release|x64
		{7F9392ED-EED2-4FA2-832D-A103F7994C79}.Release|x64.Build.0 = Release|x64
		{89A79939-1B57-41C2-8039-F219A260A58C}.Debug|Win32.ActiveCfg = Debug|Win32
		{89A79939-1B57-41C2-8039-F219A260A58C}.Debug|Win32.Build.0 = Debug|Win32
		{89A79939-1B57-41C2-8039-F219A260A58C}.Debug|x64.ActiveCfg = Debug|x64
		{89A79939-1B57-41C2-8039-F219A260A58C}.Debug|x64.Build.0 = Debug|x64
		{89A79939-1B57-41C2-8039-F219A260A58C}.Release|Win32.ActiveCfg = Release|Win32
		{89A79939-1B57-41C2-8039-F219A260A58C}.Release|Win32.Build.0 = Release|Win32
		{89A79939-1B57-41C2-8039-F219A260A58C}.Release|x64.ActiveCfg = Release|x64
		{89A79939-1B57-41C2-8039-F219A260A58C}.Release|x64.Build.0 = Release|x64
		{36D66F8F-77AA-4A0F-B6B9-1D419B72C204}.Debug|Win32.ActiveCfg = Debug|Win32
		{36D66F8F-77AA-4A0F-B6B9-1D419B72C204}.Debug|Win32.Build.0 = Debug|Win32
		{36D66F8F-77AA-4A0F-B6B9-1D419B72C204}.Debug|x64.ActiveCfg = Debug|x64
		{36D66F8F-77AA-4A0F-B6B9-1D419B72C204}.Debug|x64.Build.0 = Debug|x64
		{36D66F8F-77AA-4A0F-B6B9-1D419B72C204}.Release|Win32.ActiveCfg = Release|Win32
		{36D66F8F-77AA-4A0F-B6B9-1D419B72C204}.Release|Win32.Build.0 = Release|Win32
		{36D66F8F-77AA-4A0F-B6B9-1D419B72C204}.Release|x64.ActiveCfg = Release|x64
		{36D66F8F-77AA-4A0F-B6B9-1D419B72C204}.Release|x64.Build.0 = Release|x64
		{4AD5EA70-CA91-4E74-9F45-E64B3E696585}.Debug|Win32.ActiveCfg = Debug|Win32
		{4AD5EA70-CA91-4E74-9F45-E64B3E696585}.Debug|Win32.Build.0 = Debug|Win32
		{4AD5EA70-CA91-4E74-9F45-E64B3E696585}.Debug|x64.ActiveCfg = Debug|x64
		{4AD5EA70-CA91-4E74-9F45-E64B3E696585}.Debug|x64.Build.0 = Debug|x64
		{4AD5EA70-CA91-4E74-9F45-E64B3E696585}.Release|Win32.ActiveCfg = Release|Win32
		{4AD5EA70-CA91-4E74-9F45-E64B3E696585}.Release|Win32.Build.0 = Release|Win32
		{4AD5EA70-CA91-4E74-9F45-E64B3E696585}.Release|x64.ActiveCfg = Release|x64
		{4AD5EA70-CA91-4E74-9F45-E64B3E696585}.Release|x64.Build.0 = Release|x64
		{95C9F3D4-5523-40C7-9BE8-01B36F7F6DB3}.Debug|Win32.ActiveCfg = Debug|Win32
		{95C9F3D4-5523-40C7-9BE8-01B36F7F6DB3}.Debug|Win32.Build.0 = Debug|Win32
		{95C9F3D4-5523-40C7-9BE8-01B36F7F6DB3}.Debug|x64.ActiveCfg = Debug|x64
		{95C9F3D4-5523-40C7-9BE8-01B36F7F6DB3}.Debug|x64.Build.0 = Debug|x64
		{95C9F3D4-5523-40C7-9BE8-01B36F7F6DB3}.Release|Win32.ActiveCfg = Release|Win32
		{95C9F3D4-5523-40C7-9BE8-01B36F7F6DB3}.Release|Win32.Build.0 = Release|Win32
		{95C9F3D4-5523-40C7-9BE8-01B36F7F6DB3}.Release|x64.ActiveCfg = Release|x64
		{95C9F3D4-5523-40C7-9BE8-01B36F7F6DB3}.Release|x64.Build.0 = Release|x64
		{89BD3E5A-62EC-4292-8FFD-AC0018229888}.Debug|Win32.ActiveCfg = Debug|Win32
		{89BD3E5A-62EC-4292-8FFD-AC0018229888}.Debug|Win32.Build.0 = Debug|Win32
		{89BD3E5A-62EC-4292-8FFD-AC0018229888}.Debug|x64.ActiveCfg = Debug|x64
		{89BD3E5A-62EC-4292-8FFD-AC0018229888}.Debug|x64.Build.0 = Debug|x64
		{89BD3E5A-62EC-4292-8FFD-AC0018229888}.Release|Win32.ActiveCfg = Release|Win32
		{89BD3E5A-62EC-4292-8FFD-AC0018229888}.Release|Win32.Build.0 = Release|Win32
		{89BD3E5A-62EC-4292-8FFD-AC0018229888}.Release|x64.ActiveCfg = Release|x64
		{89BD3E5A-62EC-4292-8FFD-AC0018229888}.Release|x64.Build.0 = Release|x64
		{2545058D-AFFB-4011-9097-2315EFD2C1BF}.Debug|Win32.ActiveCfg = Debug|Win32
		{2545058D-AFFB-4011-9097-2315EFD2C1BF}.Debug|Win32.Build.0 = Debug|Win32
		{2545058D-AFFB-4011-9097-2315EFD2C1BF}.Debug|x64.ActiveCfg = Debug|x64
		{2545058D-AFFB-4011-9097-2315EFD2C1BF}.Debug|x64.Build.0 = Debug|x64
		{2545058D-AFFB-4011-9097-2315EFD2C1BF}.Release|Win32.ActiveCfg = Release|Win32
		{2545058D-AFFB-4011-9097-2315EFD2C1BF}.Release|Win32.Build.0 = Release|Win32
		{2545058D-AFFB-4011-9097-2315EFD2C1BF}.Release|x64.ActiveCfg = Release|x64
		{2545058D-AFFB-4011-9097-2315EFD2C1BF}.Release|x64.Build.0 = Release|x64
	EndGlobalSection
	GlobalSection(SolutionProperties) = preSolution
		HideSolutionNode = FALSE
	EndGlobalSection
EndGlobal
